# THIS IS AN AUTOGENERATED FILE. DO NOT EDIT THIS FILE DIRECTLY.
# yarn lockfile v1


turbo-darwin-64@1.10.7:
  version "1.10.7"
  resolved "https://registry.yarnpkg.com/turbo-darwin-64/-/turbo-darwin-64-1.10.7.tgz#bf270105effd337c91ea1c81ae3a1678c0c95023"
  integrity sha512-N2MNuhwrl6g7vGuz4y3fFG2aR1oCs0UZ5HKl8KSTn/VC2y2YIuLGedQ3OVbo0TfEvygAlF3QGAAKKtOCmGPNKA==

turbo-darwin-arm64@1.10.7:
  version "1.10.7"
  resolved "https://registry.yarnpkg.com/turbo-darwin-arm64/-/turbo-darwin-arm64-1.10.7.tgz#29aa580dfda9a17bcbcce86c84e9144ceacbfaab"
  integrity sha512-WbJkvjU+6qkngp7K4EsswOriO3xrNQag7YEGRtfLoDdMTk4O4QTeU6sfg2dKfDsBpTidTvEDwgIYJhYVGzrz9Q==

turbo-linux-64@1.10.7:
  version "1.10.7"
  resolved "https://registry.yarnpkg.com/turbo-linux-64/-/turbo-linux-64-1.10.7.tgz#25bb73f2c9644d187fac87804eaf8d1c8fffcb69"
  integrity sha512-x1CF2CDP1pDz/J8/B2T0hnmmOQI2+y11JGIzNP0KtwxDM7rmeg3DDTtDM/9PwGqfPotN9iVGgMiMvBuMFbsLhg==

turbo-linux-arm64@1.10.7:
  version "1.10.7"
  resolved "https://registry.yarnpkg.com/turbo-linux-arm64/-/turbo-linux-arm64-1.10.7.tgz#dac37b50d37d1168a7bda5333499482a78eb78fe"
  integrity sha512-JtnBmaBSYbs7peJPkXzXxsRGSGBmBEIb6/kC8RRmyvPAMyqF8wIex0pttsI+9plghREiGPtRWv/lfQEPRlXnNQ==

turbo-windows-64@1.10.7:
  version "1.10.7"
  resolved "https://registry.yarnpkg.com/turbo-windows-64/-/turbo-windows-64-1.10.7.tgz#3c31915cec88395aaffb457532e39e33bd1407b4"
  integrity sha512-7A/4CByoHdolWS8dg3DPm99owfu1aY/W0V0+KxFd0o2JQMTQtoBgIMSvZesXaWM57z3OLsietFivDLQPuzE75w==

turbo-windows-arm64@1.10.7:
  version "1.10.7"
  resolved "https://registry.yarnpkg.com/turbo-windows-arm64/-/turbo-windows-arm64-1.10.7.tgz#6f86f3bb5cc1faf7c61def19f1c98807335b39c0"
  integrity sha512-D36K/3b6+hqm9IBAymnuVgyePktwQ+F0lSXr2B9JfAdFPBktSqGmp50JNC7pahxhnuCLj0Vdpe9RqfnJw5zATA==

turbo@^1.10.7:
  version "1.10.7"
  resolved "https://registry.yarnpkg.com/turbo/-/turbo-1.10.7.tgz#af0cf5963b2121577f264c31a7a196f0e8b00510"
  integrity sha512-xm0MPM28TWx1e6TNC3wokfE5eaDqlfi0G24kmeHupDUZt5Wd0OzHFENEHMPqEaNKJ0I+AMObL6nbSZonZBV2HA==
  optionalDependencies:
    turbo-darwin-64 "1.10.7"
    turbo-darwin-arm64 "1.10.7"
    turbo-linux-64 "1.10.7"
    turbo-linux-arm64 "1.10.7"
    turbo-windows-64 "1.10.7"
    turbo-windows-arm64 "1.10.7"
